
Microsoft Visual Studio Solution File, Format Version 12.00
# Visual Studio Version 16
VisualStudioVersion = 16.0.31112.23
MinimumVisualStudioVersion = 10.0.40219.1
Project("{9A19103F-16F7-4668-BE54-9A1E7A4F7556}") = "accepted", "accepted.csproj", "{53874301-8F32-457A-9DD1-C368AE3830CA}"
EndProject
Project("{E53339B2-1760-4266-BCC7-CA923CBCF16C}") = "docker-compose", "docker-compose.dcproj", "{DFDA3B31-B8EB-41C9-957D-BED6A149207F}"
EndProject
Global
	GlobalSection(SolutionConfigurationPlatforms) = preSolution
		Debug|Any CPU = Debug|Any CPU
		Release|Any CPU = Release|Any CPU
	EndGlobalSection
	GlobalSection(ProjectConfigurationPlatforms) = postSolution
		{53874301-8F32-457A-9DD1-C368AE3830CA}.Debug|Any CPU.ActiveCfg = Debug|Any CPU
		{53874301-8F32-457A-9DD1-C368AE3830CA}.Debug|Any CPU.Build.0 = Debug|Any CPU
		{53874301-8F32-457A-9DD1-C368AE3830CA}.Release|Any CPU.ActiveCfg = Release|Any CPU
		{53874301-8F32-457A-9DD1-C368AE3830CA}.Release|Any CPU.Build.0 = Release|Any CPU
		{DFDA3B31-B8EB-41C9-957D-BED6A149207F}.Debug|Any CPU.ActiveCfg = Debug|Any CPU
		{DFDA3B31-B8EB-41C9-957D-BED6A149207F}.Debug|Any CPU.Build.0 = Debug|Any CPU
		{DFDA3B31-B8EB-41C9-957D-BED6A149207F}.Release|Any CPU.ActiveCfg = Release|Any CPU
		{DFDA3B31-B8EB-41C9-957D-BED6A149207F}.Release|Any CPU.Build.0 = Release|Any CPU
	EndGlobalSection
	GlobalSection(SolutionProperties) = preSolution
		HideSolutionNode = FALSE
	EndGlobalSection
	GlobalSection(ExtensibilityGlobals) = postSolution
		SolutionGuid = {A2A7CC7A-F9BB-41CE-BF46-03FF68289747}
	EndGlobalSection
EndGlobal
